// !$*UTF8*$!
{
	archiveVersion = 1;
	classes = {
	};
	objectVersion = 50;
	objects = {

/* Begin PBXBuildFile section */
		C01369C226010361005D0556 /* AppDelegate.swift in Sources */ = {isa = PBXBuildFile; fileRef = C01369C126010361005D0556 /* AppDelegate.swift */; };
		C01369C426010361005D0556 /* SceneDelegate.swift in Sources */ = {isa = PBXBuildFile; fileRef = C01369C326010361005D0556 /* SceneDelegate.swift */; };
		C01369C626010361005D0556 /* ViewController.swift in Sources */ = {isa = PBXBuildFile; fileRef = C01369C526010361005D0556 /* ViewController.swift */; };
		C01369C926010361005D0556 /* Main.storyboard in Resources */ = {isa = PBXBuildFile; fileRef = C01369C726010361005D0556 /* Main.storyboard */; };
		C01369CB26010362005D0556 /* Assets.xcassets in Resources */ = {isa = PBXBuildFile; fileRef = C01369CA26010362005D0556 /* Assets.xcassets */; };
		C01369CE26010362005D0556 /* LaunchScreen.storyboard in Resources */ = {isa = PBXBuildFile; fileRef = C01369CC26010362005D0556 /* LaunchScreen.storyboard */; };
		C0D2BB5C26013DD10008672C /* Utils.swift in Sources */ = {isa = PBXBuildFile; fileRef = C0D2BB5B26013DD10008672C /* Utils.swift */; };
/* End PBXBuildFile section */

/* Begin PBXFileReference section */
		C01369BE26010361005D0556 /* ImageClassificator.app */ = {isa = PBXFileReference; explicitFileType = wrapper.application; includeInIndex = 0; path = ImageClassificator.app; sourceTree = BUILT_PRODUCTS_DIR; };
		C01369C126010361005D0556 /* AppDelegate.swift */ = {isa = PBXFileReference; lastKnownFileType = sourcecode.swift; path = AppDelegate.swift; sourceTree = "<group>"; };
		C01369C326010361005D0556 /* SceneDelegate.swift */ = {isa = PBXFileReference; lastKnownFileType = sourcecode.swift; path = SceneDelegate.swift; sourceTree = "<group>"; };
		C01369C526010361005D0556 /* ViewController.swift */ = {isa = PBXFileReference; lastKnownFileType = sourcecode.swift; path = ViewController.swift; sourceTree = "<group>"; };
		C01369C826010361005D0556 /* Base */ = {isa = PBXFileReference; lastKnownFileType = file.storyboard; name = Base; path = Base.lproj/Main.storyboard; sourceTree = "<group>"; };
		C01369CA26010362005D0556 /* Assets.xcassets */ = {isa = PBXFileReference; lastKnownFileType = folder.assetcatalog; path = Assets.xcassets; sourceTree = "<group>"; };
		C01369CD26010362005D0556 /* Base */ = {isa = PBXFileReference; lastKnownFileType = file.storyboard; name = Base; path = Base.lproj/LaunchScreen.storyboard; sourceTree = "<group>"; };
		C01369CF26010362005D0556 /* Info.plist */ = {isa = PBXFileReference; lastKnownFileType = text.plist.xml; path = Info.plist; sourceTree = "<group>"; };
		C0D2BB5B26013DD10008672C /* Utils.swift */ = {isa = PBXFileReference; lastKnownFileType = sourcecode.swift; path = Utils.swift; sourceTree = "<group>"; };
/* End PBXFileReference section */

/* Begin PBXFrameworksBuildPhase section */
		C01369BB26010361005D0556 /* Frameworks */ = {
			isa = PBXFrameworksBuildPhase;
			buildActionMask = 2147483647;
			files = (
			);
			runOnlyForDeploymentPostprocessing = 0;
		};
/* End PBXFrameworksBuildPhase section */

/* Begin PBXGroup section */
		C01369B526010361005D0556 = {
			isa = PBXGroup;
			children = (
				C01369C026010361005D0556 /* ImageClassificator */,
				C01369BF26010361005D0556 /* Products */,
			);
			sourceTree = "<group>";
		};
		C01369BF26010361005D0556 /* Products */ = {
			isa = PBXGroup;
			children = (
				C01369BE26010361005D0556 /* ImageClassificator.app */,
			);
			name = Products;
			sourceTree = "<group>";
		};
		C01369C026010361005D0556 /* ImageClassificator */ = {
			isa = PBXGroup;
			children = (
				C01369C126010361005D0556 /* AppDelegate.swift */,
				C01369C326010361005D0556 /* SceneDelegate.swift */,
				C01369C526010361005D0556 /* ViewController.swift */,
				C01369C726010361005D0556 /* Main.storyboard */,
				C01369CA26010362005D0556 /* Assets.xcassets */,
				C01369CC26010362005D0556 /* LaunchScreen.storyboard */,
				C01369CF26010362005D0556 /* Info.plist */,
				C0D2BB5B26013DD10008672C /* Utils.swift */,
			);
			path = ImageClassificator;
			sourceTree = "<group>";
		};
/* End PBXGroup section */

/* Begin PBXNativeTarget section */
		C01369BD26010361005D0556 /* ImageClassificator */ = {
			isa = PBXNativeTarget;
			buildConfigurationList = C01369D226010362005D0556 /* Build configuration list for PBXNativeTarget "ImageClassificator" */;
			buildPhases = (
				C01369BA26010361005D0556 /* Sources */,
				C01369BB26010361005D0556 /* Frameworks */,
				C01369BC26010361005D0556 /* Resources */,
			);
			buildRules = (
			);
			dependencies = (
			);
			name = ImageClassificator;
			productName = ImageClassificator;
			productReference = C01369BE26010361005D0556 /* ImageClassificator.app */;
			productType = "com.apple.product-type.application";
		};
/* End PBXNativeTarget section */

/* Begin PBXProject section */
		C01369B626010361005D0556 /* Project object */ = {
			isa = PBXProject;
			attributes = {
				LastSwiftUpdateCheck = 1230;
				LastUpgradeCheck = 1230;
				TargetAttributes = {
					C01369BD26010361005D0556 = {
						CreatedOnToolsVersion = 12.3;
					};
				};
			};
			buildConfigurationList = C01369B926010361005D0556 /* Build configuration list for PBXProject "ImageClassificator" */;
			compatibilityVersion = "Xcode 9.3";
			developmentRegion = en;
			hasScannedForEncodings = 0;
			knownRegions = (
				en,
				Base,
			);
			mainGroup = C01369B526010361005D0556;
			productRefGroup = C01369BF26010361005D0556 /* Products */;
			projectDirPath = "";
			projectRoot = "";
			targets = (
				C01369BD26010361005D0556 /* ImageClassificator */,
			);
		};
/* End PBXProject section */

/* Begin PBXResourcesBuildPhase section */
		C01369BC26010361005D0556 /* Resources */ = {
			isa = PBXResourcesBuildPhase;
			buildActionMask = 2147483647;
			files = (
				C01369CE26010362005D0556 /* LaunchScreen.storyboard in Resources */,
				C01369CB26010362005D0556 /* Assets.xcassets in Resources */,
				C01369C926010361005D0556 /* Main.storyboard in Resources */,
			);
			runOnlyForDeploymentPostprocessing = 0;
		};
/* End PBXResourcesBuildPhase section */

/* Begin PBXSourcesBuildPhase section */
		C01369BA26010361005D0556 /* Sources */ = {
			isa = PBXSourcesBuildPhase;
			buildActionMask = 2147483647;
			files = (
				C01369C626010361005D0556 /* ViewController.swift in Sources */,
				C01369C226010361005D0556 /* AppDelegate.swift in Sources */,
				C01369C426010361005D0556 /* SceneDelegate.swift in Sources */,
				C0D2BB5C26013DD10008672C /* Utils.swift in Sources */,
			);
			runOnlyForDeploymentPostprocessing = 0;
		};
/* End PBXSourcesBuildPhase section */

/* Begin PBXVariantGroup section */
		C01369C726010361005D0556 /* Main.storyboard */ = {
			isa = PBXVariantGroup;
			children = (
				C01369C826010361005D0556 /* Base */,
			);
			name = Main.storyboard;
			sourceTree = "<group>";
		};
		C01369CC26010362005D0556 /* LaunchScreen.storyboard */ = {
			isa = PBXVariantGroup;
			children = (
				C01369CD26010362005D0556 /* Base */,
			);
			name = LaunchScreen.storyboard;
			sourceTree = "<group>";
		};
/* End PBXVariantGroup section */

/* Begin XCBuildConfiguration section */
		C01369D026010362005D0556 /* Debug */ = {
			isa = XCBuildConfiguration;
			buildSettings = {
				ALWAYS_SEARCH_USER_PATHS = NO;
				CLANG_ANALYZER_NONNULL = YES;
				CLANG_ANALYZER_NUMBER_OBJECT_CONVERSION = YES_AGGRESSIVE;
				CLANG_CXX_LANGUAGE_STANDARD = "gnu++14";
				CLANG_CXX_LIBRARY = "libc++";
				CLANG_ENABLE_MODULES = YES;
				CLANG_ENABLE_OBJC_ARC = YES;
				CLANG_ENABLE_OBJC_WEAK = YES;
				CLANG_WARN_BLOCK_CAPTURE_AUTORELEASING = YES;
				CLANG_WARN_BOOL_CONVERSION = YES;
				CLANG_WARN_COMMA = YES;
				CLANG_WARN_CONSTANT_CONVERSION = YES;
				CLANG_WARN_DEPRECATED_OBJC_IMPLEMENTATIONS = YES;
				CLANG_WARN_DIRECT_OBJC_ISA_USAGE = YES_ERROR;
				CLANG_WARN_DOCUMENTATION_COMMENTS = YES;
				CLANG_WARN_EMPTY_BODY = YES;
				CLANG_WARN_ENUM_CONVERSION = YES;
				CLANG_WARN_INFINITE_RECURSION = YES;
				CLANG_WARN_INT_CONVERSION = YES;
				CLANG_WARN_NON_LITERAL_NULL_CONVERSION = YES;
				CLANG_WARN_OBJC_IMPLICIT_RETAIN_SELF = YES;
				CLANG_WARN_OBJC_LITERAL_CONVERSION = YES;
				CLANG_WARN_OBJC_ROOT_CLASS = YES_ERROR;
				CLANG_WARN_QUOTED_INCLUDE_IN_FRAMEWORK_HEADER = YES;
				CLANG_WARN_RANGE_LOOP_ANALYSIS = YES;
				CLANG_WARN_STRICT_PROTOTYPES = YES;
				CLANG_WARN_SUSPICIOUS_MOVE = YES;
				CLANG_WARN_UNGUARDED_AVAILABILITY = YES_AGGRESSIVE;
				CLANG_WARN_UNREACHABLE_CODE = YES;
				CLANG_WARN__DUPLICATE_METHOD_MATCH = YES;
				COPY_PHASE_STRIP = NO;
				DEBUG_INFORMATION_FORMAT = dwarf;
				ENABLE_STRICT_OBJC_MSGSEND = YES;
				ENABLE_TESTABILITY = YES;
				GCC_C_LANGUAGE_STANDARD = gnu11;
				GCC_DYNAMIC_NO_PIC = NO;
				GCC_NO_COMMON_BLOCKS = YES;
				GCC_OPTIMIZATION_LEVEL = 0;
				GCC_PREPROCESSOR_DEFINITIONS = (
					"DEBUG=1",
					"$(inherited)",
				);
				GCC_WARN_64_TO_32_BIT_CONVERSION = YES;
				GCC_WARN_ABOUT_RETURN_TYPE = YES_ERROR;
				GCC_WARN_UNDECLARED_SELECTOR = YES;
				GCC_WARN_UNINITIALIZED_AUTOS = YES_AGGRESSIVE;
				GCC_WARN_UNUSED_FUNCTION = YES;
				GCC_WARN_UNUSED_VARIABLE = YES;
				IPHONEOS_DEPLOYMENT_TARGET = 14.3;
				MTL_ENABLE_DEBUG_INFO = INCLUDE_SOURCE;
				MTL_FAST_MATH = YES;
				ONLY_ACTIVE_ARCH = YES;
				SDKROOT = iphoneos;
				SWIFT_ACTIVE_COMPILATION_CONDITIONS = DEBUG;
				SWIFT_OPTIMIZATION_LEVEL = "-Onone";
			};
			name = Debug;
		};
		C01369D126010362005D0556 /* Release */ = {
			isa = XCBuildConfiguration;
			buildSettings = {
				ALWAYS_SEARCH_USER_PATHS = NO;
				CLANG_ANALYZER_NONNULL = YES;
				CLANG_ANALYZER_NUMBER_OBJECT_CONVERSION = YES_AGGRESSIVE;
				CLANG_CXX_LANGUAGE_STANDARD = "gnu++14";
				CLANG_CXX_LIBRARY = "libc++";
				CLANG_ENABLE_MODULES = YES;
				CLANG_ENABLE_OBJC_ARC = YES;
				CLANG_ENABLE_OBJC_WEAK = YES;
				CLANG_WARN_BLOCK_CAPTURE_AUTORELEASING = YES;
				CLANG_WARN_BOOL_CONVERSION = YES;
				CLANG_WARN_COMMA = YES;
				CLANG_WARN_CONSTANT_CONVERSION = YES;
				CLANG_WARN_DEPRECATED_OBJC_IMPLEMENTATIONS = YES;
				CLANG_WARN_DIRECT_OBJC_ISA_USAGE = YES_ERROR;
				CLANG_WARN_DOCUMENTATION_COMMENTS = YES;
				CLANG_WARN_EMPTY_BODY = YES;
				CLANG_WARN_ENUM_CONVERSION = YES;
				CLANG_WARN_INFINITE_RECURSION = YES;
				CLANG_WARN_INT_CONVERSION = YES;
				CLANG_WARN_NON_LITERAL_NULL_CONVERSION = YES;
				CLANG_WARN_OBJC_IMPLICIT_RETAIN_SELF = YES;
				CLANG_WARN_OBJC_LITERAL_CONVERSION = YES;
				CLANG_WARN_OBJC_ROOT_CLASS = YES_ERROR;
				CLANG_WARN_QUOTED_INCLUDE_IN_FRAMEWORK_HEADER = YES;
				CLANG_WARN_RANGE_LOOP_ANALYSIS = YES;
				CLANG_WARN_STRICT_PROTOTYPES = YES;
				CLANG_WARN_SUSPICIOUS_MOVE = YES;
				CLANG_WARN_UNGUARDED_AVAILABILITY = YES_AGGRESSIVE;
				CLANG_WARN_UNREACHABLE_CODE = YES;
				CLANG_WARN__DUPLICATE_METHOD_MATCH = YES;
				COPY_PHASE_STRIP = NO;
				DEBUG_INFORMATION_FORMAT = "dwarf-with-dsym";
				ENABLE_NS_ASSERTIONS = NO;
				ENABLE_STRICT_OBJC_MSGSEND = YES;
				GCC_C_LANGUAGE_STANDARD = gnu11;
				GCC_NO_COMMON_BLOCKS = YES;
				GCC_WARN_64_TO_32_BIT_CONVERSION = YES;
				GCC_WARN_ABOUT_RETURN_TYPE = YES_ERROR;
				GCC_WARN_UNDECLARED_SELECTOR = YES;
				GCC_WARN_UNINITIALIZED_AUTOS = YES_AGGRESSIVE;
				GCC_WARN_UNUSED_FUNCTION = YES;
				GCC_WARN_UNUSED_VARIABLE = YES;
				IPHONEOS_DEPLOYMENT_TARGET = 14.3;
				MTL_ENABLE_DEBUG_INFO = NO;
				MTL_FAST_MATH = YES;
				SDKROOT = iphoneos;
				SWIFT_COMPILATION_MODE = wholemodule;
				SWIFT_OPTIMIZATION_LEVEL = "-O";
				VALIDATE_PRODUCT = YES;
			};
			name = Release;
		};
		C01369D326010362005D0556 /* Debug */ = {
			isa = XCBuildConfiguration;
			buildSettings = {
				ASSETCATALOG_COMPILER_APPICON_NAME = AppIcon;
				ASSETCATALOG_COMPILER_GLOBAL_ACCENT_COLOR_NAME = AccentColor;
				CODE_SIGN_STYLE = Automatic;
				DEVELOPMENT_TEAM = 9BK337URC6;
				INFOPLIST_FILE = ImageClassificator/Info.plist;
				LD_RUNPATH_SEARCH_PATHS = (
					"$(inherited)",
					"@executable_path/Frameworks",
				);
				PRODUCT_BUNDLE_IDENTIFIER = com.5s5.ImageClassificator;
				PRODUCT_NAME = "$(TARGET_NAME)";
				SWIFT_VERSION = 5.0;
				TARGETED_DEVICE_FAMILY = "1,2";
			};
			name = Debug;
		};
		C01369D426010362005D0556 /* Release */ = {
			isa = XCBuildConfiguration;
			buildSettings = {
				ASSETCATALOG_COMPILER_APPICON_NAME = AppIcon;
				ASSETCATALOG_COMPILER_GLOBAL_ACCENT_COLOR_NAME = AccentColor;
				CODE_SIGN_STYLE = Automatic;
				DEVELOPMENT_TEAM = 9BK337URC6;
				INFOPLIST_FILE = ImageClassificator/Info.plist;
				LD_RUNPATH_SEARCH_PATHS = (
					"$(inherited)",
					"@executable_path/Frameworks",
				);
				PRODUCT_BUNDLE_IDENTIFIER = com.5s5.ImageClassificator;
				PRODUCT_NAME = "$(TARGET_NAME)";
				SWIFT_VERSION = 5.0;
				TARGETED_DEVICE_FAMILY = "1,2";
			};
			name = Release;
		};
/* End XCBuildConfiguration section */

/* Begin XCConfigurationList section */
		C01369B926010361005D0556 /* Build configuration list for PBXProject "ImageClassificator" */ = {
			isa = XCConfigurationList;
			buildConfigurations = (
				C01369D026010362005D0556 /* Debug */,
				C01369D126010362005D0556 /* Release */,
			);
			defaultConfigurationIsVisible = 0;
			defaultConfigurationName = Release;
		};
		C01369D226010362005D0556 /* Build configuration list for PBXNativeTarget "ImageClassificator" */ = {
			isa = XCConfigurationList;
			buildConfigurations = (
				C01369D326010362005D0556 /* Debug */,
				C01369D426010362005D0556 /* Release */,
			);
			defaultConfigurationIsVisible = 0;
			defaultConfigurationName = Release;
		};
/* End XCConfigurationList section */
	};
	rootObject = C01369B626010361005D0556 /* Project object */;
}
