// !$*UTF8*$!
{
	archiveVersion = 1;
	classes = {
	};
	objectVersion = 50;
	objects = {

/* Begin PBXBuildFile section */
		C0C1D8F025474CA200EBC649 /* AppDelegate.swift in Sources */ = {isa = PBXBuildFile; fileRef = C0C1D8EF25474CA200EBC649 /* AppDelegate.swift */; };
		C0C1D8F225474CA200EBC649 /* SceneDelegate.swift in Sources */ = {isa = PBXBuildFile; fileRef = C0C1D8F125474CA200EBC649 /* SceneDelegate.swift */; };
		C0C1D8F425474CA200EBC649 /* ContentView.swift in Sources */ = {isa = PBXBuildFile; fileRef = C0C1D8F325474CA200EBC649 /* ContentView.swift */; };
		C0C1D8F625474CA400EBC649 /* Assets.xcassets in Resources */ = {isa = PBXBuildFile; fileRef = C0C1D8F525474CA400EBC649 /* Assets.xcassets */; };
		C0C1D8F925474CA400EBC649 /* Preview Assets.xcassets in Resources */ = {isa = PBXBuildFile; fileRef = C0C1D8F825474CA400EBC649 /* Preview Assets.xcassets */; };
		C0C1D8FC25474CA400EBC649 /* LaunchScreen.storyboard in Resources */ = {isa = PBXBuildFile; fileRef = C0C1D8FA25474CA400EBC649 /* LaunchScreen.storyboard */; };
		C0C1D90425474D5F00EBC649 /* Faces.swift in Sources */ = {isa = PBXBuildFile; fileRef = C0C1D90325474D5F00EBC649 /* Faces.swift */; };
		C0D4CA9025475E290027CA66 /* Views.swift in Sources */ = {isa = PBXBuildFile; fileRef = C0D4CA8F25475E290027CA66 /* Views.swift */; };
/* End PBXBuildFile section */

/* Begin PBXFileReference section */
		C0C1D8EC25474CA200EBC649 /* FaceDetector.app */ = {isa = PBXFileReference; explicitFileType = wrapper.application; includeInIndex = 0; path = FaceDetector.app; sourceTree = BUILT_PRODUCTS_DIR; };
		C0C1D8EF25474CA200EBC649 /* AppDelegate.swift */ = {isa = PBXFileReference; lastKnownFileType = sourcecode.swift; path = AppDelegate.swift; sourceTree = "<group>"; };
		C0C1D8F125474CA200EBC649 /* SceneDelegate.swift */ = {isa = PBXFileReference; lastKnownFileType = sourcecode.swift; path = SceneDelegate.swift; sourceTree = "<group>"; };
		C0C1D8F325474CA200EBC649 /* ContentView.swift */ = {isa = PBXFileReference; lastKnownFileType = sourcecode.swift; path = ContentView.swift; sourceTree = "<group>"; };
		C0C1D8F525474CA400EBC649 /* Assets.xcassets */ = {isa = PBXFileReference; lastKnownFileType = folder.assetcatalog; path = Assets.xcassets; sourceTree = "<group>"; };
		C0C1D8F825474CA400EBC649 /* Preview Assets.xcassets */ = {isa = PBXFileReference; lastKnownFileType = folder.assetcatalog; path = "Preview Assets.xcassets"; sourceTree = "<group>"; };
		C0C1D8FB25474CA400EBC649 /* Base */ = {isa = PBXFileReference; lastKnownFileType = file.storyboard; name = Base; path = Base.lproj/LaunchScreen.storyboard; sourceTree = "<group>"; };
		C0C1D8FD25474CA400EBC649 /* Info.plist */ = {isa = PBXFileReference; lastKnownFileType = text.plist.xml; path = Info.plist; sourceTree = "<group>"; };
		C0C1D90325474D5F00EBC649 /* Faces.swift */ = {isa = PBXFileReference; lastKnownFileType = sourcecode.swift; path = Faces.swift; sourceTree = "<group>"; };
		C0D4CA8F25475E290027CA66 /* Views.swift */ = {isa = PBXFileReference; lastKnownFileType = sourcecode.swift; path = Views.swift; sourceTree = "<group>"; };
/* End PBXFileReference section */

/* Begin PBXFrameworksBuildPhase section */
		C0C1D8E925474CA200EBC649 /* Frameworks */ = {
			isa = PBXFrameworksBuildPhase;
			buildActionMask = 2147483647;
			files = (
			);
			runOnlyForDeploymentPostprocessing = 0;
		};
/* End PBXFrameworksBuildPhase section */

/* Begin PBXGroup section */
		C0C1D8E325474CA200EBC649 = {
			isa = PBXGroup;
			children = (
				C0C1D8EE25474CA200EBC649 /* FaceDetector */,
				C0C1D8ED25474CA200EBC649 /* Products */,
			);
			sourceTree = "<group>";
		};
		C0C1D8ED25474CA200EBC649 /* Products */ = {
			isa = PBXGroup;
			children = (
				C0C1D8EC25474CA200EBC649 /* FaceDetector.app */,
			);
			name = Products;
			sourceTree = "<group>";
		};
		C0C1D8EE25474CA200EBC649 /* FaceDetector */ = {
			isa = PBXGroup;
			children = (
				C0D4CA8E25475E0D0027CA66 /* Views */,
				C0C1D8EF25474CA200EBC649 /* AppDelegate.swift */,
				C0C1D8F125474CA200EBC649 /* SceneDelegate.swift */,
				C0C1D8F325474CA200EBC649 /* ContentView.swift */,
				C0C1D8FD25474CA400EBC649 /* Info.plist */,
				C0C1D8F725474CA400EBC649 /* Preview Content */,
				C0C1D90325474D5F00EBC649 /* Faces.swift */,
			);
			path = FaceDetector;
			sourceTree = "<group>";
		};
		C0C1D8F725474CA400EBC649 /* Preview Content */ = {
			isa = PBXGroup;
			children = (
				C0C1D8F825474CA400EBC649 /* Preview Assets.xcassets */,
			);
			path = "Preview Content";
			sourceTree = "<group>";
		};
		C0D4CA8E25475E0D0027CA66 /* Views */ = {
			isa = PBXGroup;
			children = (
				C0C1D8FA25474CA400EBC649 /* LaunchScreen.storyboard */,
				C0C1D8F525474CA400EBC649 /* Assets.xcassets */,
				C0D4CA8F25475E290027CA66 /* Views.swift */,
			);
			path = Views;
			sourceTree = "<group>";
		};
/* End PBXGroup section */

/* Begin PBXNativeTarget section */
		C0C1D8EB25474CA200EBC649 /* FaceDetector */ = {
			isa = PBXNativeTarget;
			buildConfigurationList = C0C1D90025474CA400EBC649 /* Build configuration list for PBXNativeTarget "FaceDetector" */;
			buildPhases = (
				C0C1D8E825474CA200EBC649 /* Sources */,
				C0C1D8E925474CA200EBC649 /* Frameworks */,
				C0C1D8EA25474CA200EBC649 /* Resources */,
			);
			buildRules = (
			);
			dependencies = (
			);
			name = FaceDetector;
			productName = FaceDetector;
			productReference = C0C1D8EC25474CA200EBC649 /* FaceDetector.app */;
			productType = "com.apple.product-type.application";
		};
/* End PBXNativeTarget section */

/* Begin PBXProject section */
		C0C1D8E425474CA200EBC649 /* Project object */ = {
			isa = PBXProject;
			attributes = {
				LastSwiftUpdateCheck = 1130;
				LastUpgradeCheck = 1130;
				ORGANIZATIONNAME = 5S5;
				TargetAttributes = {
					C0C1D8EB25474CA200EBC649 = {
						CreatedOnToolsVersion = 11.3;
					};
				};
			};
			buildConfigurationList = C0C1D8E725474CA200EBC649 /* Build configuration list for PBXProject "FaceDetector" */;
			compatibilityVersion = "Xcode 9.3";
			developmentRegion = en;
			hasScannedForEncodings = 0;
			knownRegions = (
				en,
				Base,
			);
			mainGroup = C0C1D8E325474CA200EBC649;
			productRefGroup = C0C1D8ED25474CA200EBC649 /* Products */;
			projectDirPath = "";
			projectRoot = "";
			targets = (
				C0C1D8EB25474CA200EBC649 /* FaceDetector */,
			);
		};
/* End PBXProject section */

/* Begin PBXResourcesBuildPhase section */
		C0C1D8EA25474CA200EBC649 /* Resources */ = {
			isa = PBXResourcesBuildPhase;
			buildActionMask = 2147483647;
			files = (
				C0C1D8FC25474CA400EBC649 /* LaunchScreen.storyboard in Resources */,
				C0C1D8F925474CA400EBC649 /* Preview Assets.xcassets in Resources */,
				C0C1D8F625474CA400EBC649 /* Assets.xcassets in Resources */,
			);
			runOnlyForDeploymentPostprocessing = 0;
		};
/* End PBXResourcesBuildPhase section */

/* Begin PBXSourcesBuildPhase section */
		C0C1D8E825474CA200EBC649 /* Sources */ = {
			isa = PBXSourcesBuildPhase;
			buildActionMask = 2147483647;
			files = (
				C0C1D90425474D5F00EBC649 /* Faces.swift in Sources */,
				C0C1D8F025474CA200EBC649 /* AppDelegate.swift in Sources */,
				C0C1D8F225474CA200EBC649 /* SceneDelegate.swift in Sources */,
				C0D4CA9025475E290027CA66 /* Views.swift in Sources */,
				C0C1D8F425474CA200EBC649 /* ContentView.swift in Sources */,
			);
			runOnlyForDeploymentPostprocessing = 0;
		};
/* End PBXSourcesBuildPhase section */

/* Begin PBXVariantGroup section */
		C0C1D8FA25474CA400EBC649 /* LaunchScreen.storyboard */ = {
			isa = PBXVariantGroup;
			children = (
				C0C1D8FB25474CA400EBC649 /* Base */,
			);
			name = LaunchScreen.storyboard;
			sourceTree = "<group>";
		};
/* End PBXVariantGroup section */

/* Begin XCBuildConfiguration section */
		C0C1D8FE25474CA400EBC649 /* Debug */ = {
			isa = XCBuildConfiguration;
			buildSettings = {
				ALWAYS_SEARCH_USER_PATHS = NO;
				CLANG_ANALYZER_NONNULL = YES;
				CLANG_ANALYZER_NUMBER_OBJECT_CONVERSION = YES_AGGRESSIVE;
				CLANG_CXX_LANGUAGE_STANDARD = "gnu++14";
				CLANG_CXX_LIBRARY = "libc++";
				CLANG_ENABLE_MODULES = YES;
				CLANG_ENABLE_OBJC_ARC = YES;
				CLANG_ENABLE_OBJC_WEAK = YES;
				CLANG_WARN_BLOCK_CAPTURE_AUTORELEASING = YES;
				CLANG_WARN_BOOL_CONVERSION = YES;
				CLANG_WARN_COMMA = YES;
				CLANG_WARN_CONSTANT_CONVERSION = YES;
				CLANG_WARN_DEPRECATED_OBJC_IMPLEMENTATIONS = YES;
				CLANG_WARN_DIRECT_OBJC_ISA_USAGE = YES_ERROR;
				CLANG_WARN_DOCUMENTATION_COMMENTS = YES;
				CLANG_WARN_EMPTY_BODY = YES;
				CLANG_WARN_ENUM_CONVERSION = YES;
				CLANG_WARN_INFINITE_RECURSION = YES;
				CLANG_WARN_INT_CONVERSION = YES;
				CLANG_WARN_NON_LITERAL_NULL_CONVERSION = YES;
				CLANG_WARN_OBJC_IMPLICIT_RETAIN_SELF = YES;
				CLANG_WARN_OBJC_LITERAL_CONVERSION = YES;
				CLANG_WARN_OBJC_ROOT_CLASS = YES_ERROR;
				CLANG_WARN_RANGE_LOOP_ANALYSIS = YES;
				CLANG_WARN_STRICT_PROTOTYPES = YES;
				CLANG_WARN_SUSPICIOUS_MOVE = YES;
				CLANG_WARN_UNGUARDED_AVAILABILITY = YES_AGGRESSIVE;
				CLANG_WARN_UNREACHABLE_CODE = YES;
				CLANG_WARN__DUPLICATE_METHOD_MATCH = YES;
				COPY_PHASE_STRIP = NO;
				DEBUG_INFORMATION_FORMAT = dwarf;
				ENABLE_STRICT_OBJC_MSGSEND = YES;
				ENABLE_TESTABILITY = YES;
				GCC_C_LANGUAGE_STANDARD = gnu11;
				GCC_DYNAMIC_NO_PIC = NO;
				GCC_NO_COMMON_BLOCKS = YES;
				GCC_OPTIMIZATION_LEVEL = 0;
				GCC_PREPROCESSOR_DEFINITIONS = (
					"DEBUG=1",
					"$(inherited)",
				);
				GCC_WARN_64_TO_32_BIT_CONVERSION = YES;
				GCC_WARN_ABOUT_RETURN_TYPE = YES_ERROR;
				GCC_WARN_UNDECLARED_SELECTOR = YES;
				GCC_WARN_UNINITIALIZED_AUTOS = YES_AGGRESSIVE;
				GCC_WARN_UNUSED_FUNCTION = YES;
				GCC_WARN_UNUSED_VARIABLE = YES;
				IPHONEOS_DEPLOYMENT_TARGET = 13.2;
				MTL_ENABLE_DEBUG_INFO = INCLUDE_SOURCE;
				MTL_FAST_MATH = YES;
				ONLY_ACTIVE_ARCH = YES;
				SDKROOT = iphoneos;
				SWIFT_ACTIVE_COMPILATION_CONDITIONS = DEBUG;
				SWIFT_OPTIMIZATION_LEVEL = "-Onone";
			};
			name = Debug;
		};
		C0C1D8FF25474CA400EBC649 /* Release */ = {
			isa = XCBuildConfiguration;
			buildSettings = {
				ALWAYS_SEARCH_USER_PATHS = NO;
				CLANG_ANALYZER_NONNULL = YES;
				CLANG_ANALYZER_NUMBER_OBJECT_CONVERSION = YES_AGGRESSIVE;
				CLANG_CXX_LANGUAGE_STANDARD = "gnu++14";
				CLANG_CXX_LIBRARY = "libc++";
				CLANG_ENABLE_MODULES = YES;
				CLANG_ENABLE_OBJC_ARC = YES;
				CLANG_ENABLE_OBJC_WEAK = YES;
				CLANG_WARN_BLOCK_CAPTURE_AUTORELEASING = YES;
				CLANG_WARN_BOOL_CONVERSION = YES;
				CLANG_WARN_COMMA = YES;
				CLANG_WARN_CONSTANT_CONVERSION = YES;
				CLANG_WARN_DEPRECATED_OBJC_IMPLEMENTATIONS = YES;
				CLANG_WARN_DIRECT_OBJC_ISA_USAGE = YES_ERROR;
				CLANG_WARN_DOCUMENTATION_COMMENTS = YES;
				CLANG_WARN_EMPTY_BODY = YES;
				CLANG_WARN_ENUM_CONVERSION = YES;
				CLANG_WARN_INFINITE_RECURSION = YES;
				CLANG_WARN_INT_CONVERSION = YES;
				CLANG_WARN_NON_LITERAL_NULL_CONVERSION = YES;
				CLANG_WARN_OBJC_IMPLICIT_RETAIN_SELF = YES;
				CLANG_WARN_OBJC_LITERAL_CONVERSION = YES;
				CLANG_WARN_OBJC_ROOT_CLASS = YES_ERROR;
				CLANG_WARN_RANGE_LOOP_ANALYSIS = YES;
				CLANG_WARN_STRICT_PROTOTYPES = YES;
				CLANG_WARN_SUSPICIOUS_MOVE = YES;
				CLANG_WARN_UNGUARDED_AVAILABILITY = YES_AGGRESSIVE;
				CLANG_WARN_UNREACHABLE_CODE = YES;
				CLANG_WARN__DUPLICATE_METHOD_MATCH = YES;
				COPY_PHASE_STRIP = NO;
				DEBUG_INFORMATION_FORMAT = "dwarf-with-dsym";
				ENABLE_NS_ASSERTIONS = NO;
				ENABLE_STRICT_OBJC_MSGSEND = YES;
				GCC_C_LANGUAGE_STANDARD = gnu11;
				GCC_NO_COMMON_BLOCKS = YES;
				GCC_WARN_64_TO_32_BIT_CONVERSION = YES;
				GCC_WARN_ABOUT_RETURN_TYPE = YES_ERROR;
				GCC_WARN_UNDECLARED_SELECTOR = YES;
				GCC_WARN_UNINITIALIZED_AUTOS = YES_AGGRESSIVE;
				GCC_WARN_UNUSED_FUNCTION = YES;
				GCC_WARN_UNUSED_VARIABLE = YES;
				IPHONEOS_DEPLOYMENT_TARGET = 13.2;
				MTL_ENABLE_DEBUG_INFO = NO;
				MTL_FAST_MATH = YES;
				SDKROOT = iphoneos;
				SWIFT_COMPILATION_MODE = wholemodule;
				SWIFT_OPTIMIZATION_LEVEL = "-O";
				VALIDATE_PRODUCT = YES;
			};
			name = Release;
		};
		C0C1D90125474CA400EBC649 /* Debug */ = {
			isa = XCBuildConfiguration;
			buildSettings = {
				ASSETCATALOG_COMPILER_APPICON_NAME = AppIcon;
				CODE_SIGN_STYLE = Automatic;
				DEVELOPMENT_ASSET_PATHS = "\"FaceDetector/Preview Content\"";
				DEVELOPMENT_TEAM = 9BK337URC6;
				ENABLE_PREVIEWS = YES;
				INFOPLIST_FILE = FaceDetector/Info.plist;
				LD_RUNPATH_SEARCH_PATHS = (
					"$(inherited)",
					"@executable_path/Frameworks",
				);
				PRODUCT_BUNDLE_IDENTIFIER = com.5s5.FaceDetector;
				PRODUCT_NAME = "$(TARGET_NAME)";
				SWIFT_VERSION = 5.0;
				TARGETED_DEVICE_FAMILY = "1,2";
			};
			name = Debug;
		};
		C0C1D90225474CA400EBC649 /* Release */ = {
			isa = XCBuildConfiguration;
			buildSettings = {
				ASSETCATALOG_COMPILER_APPICON_NAME = AppIcon;
				CODE_SIGN_STYLE = Automatic;
				DEVELOPMENT_ASSET_PATHS = "\"FaceDetector/Preview Content\"";
				DEVELOPMENT_TEAM = 9BK337URC6;
				ENABLE_PREVIEWS = YES;
				INFOPLIST_FILE = FaceDetector/Info.plist;
				LD_RUNPATH_SEARCH_PATHS = (
					"$(inherited)",
					"@executable_path/Frameworks",
				);
				PRODUCT_BUNDLE_IDENTIFIER = com.5s5.FaceDetector;
				PRODUCT_NAME = "$(TARGET_NAME)";
				SWIFT_VERSION = 5.0;
				TARGETED_DEVICE_FAMILY = "1,2";
			};
			name = Release;
		};
/* End XCBuildConfiguration section */

/* Begin XCConfigurationList section */
		C0C1D8E725474CA200EBC649 /* Build configuration list for PBXProject "FaceDetector" */ = {
			isa = XCConfigurationList;
			buildConfigurations = (
				C0C1D8FE25474CA400EBC649 /* Debug */,
				C0C1D8FF25474CA400EBC649 /* Release */,
			);
			defaultConfigurationIsVisible = 0;
			defaultConfigurationName = Release;
		};
		C0C1D90025474CA400EBC649 /* Build configuration list for PBXNativeTarget "FaceDetector" */ = {
			isa = XCConfigurationList;
			buildConfigurations = (
				C0C1D90125474CA400EBC649 /* Debug */,
				C0C1D90225474CA400EBC649 /* Release */,
			);
			defaultConfigurationIsVisible = 0;
			defaultConfigurationName = Release;
		};
/* End XCConfigurationList section */
	};
	rootObject = C0C1D8E425474CA200EBC649 /* Project object */;
}
