// !$*UTF8*$!
{
	archiveVersion = 1;
	classes = {
	};
	objectVersion = 50;
	objects = {

/* Begin PBXBuildFile section */
		C00BF04B2992F6FD009F2F9D /* Style.mlmodel in Sources */ = {isa = PBXBuildFile; fileRef = C00BF04A2992F6FD009F2F9D /* Style.mlmodel */; };
		C0F450A125AE4C3C0054B11A /* AppDelegate.swift in Sources */ = {isa = PBXBuildFile; fileRef = C0F450A025AE4C3C0054B11A /* AppDelegate.swift */; };
		C0F450A325AE4C3C0054B11A /* SceneDelegate.swift in Sources */ = {isa = PBXBuildFile; fileRef = C0F450A225AE4C3C0054B11A /* SceneDelegate.swift */; };
		C0F450A525AE4C3C0054B11A /* ViewController.swift in Sources */ = {isa = PBXBuildFile; fileRef = C0F450A425AE4C3C0054B11A /* ViewController.swift */; };
		C0F450A825AE4C3C0054B11A /* Main.storyboard in Resources */ = {isa = PBXBuildFile; fileRef = C0F450A625AE4C3C0054B11A /* Main.storyboard */; };
		C0F450AA25AE4C3D0054B11A /* Assets.xcassets in Resources */ = {isa = PBXBuildFile; fileRef = C0F450A925AE4C3D0054B11A /* Assets.xcassets */; };
		C0F450AD25AE4C3D0054B11A /* LaunchScreen.storyboard in Resources */ = {isa = PBXBuildFile; fileRef = C0F450AB25AE4C3D0054B11A /* LaunchScreen.storyboard */; };
/* End PBXBuildFile section */

/* Begin PBXFileReference section */
		C00BF04A2992F6FD009F2F9D /* Style.mlmodel */ = {isa = PBXFileReference; lastKnownFileType = file.mlmodel; name = Style.mlmodel; path = ../../StyleClassifier/Python/Style.mlmodel; sourceTree = "<group>"; };
		C0F4509D25AE4C3C0054B11A /* ImageClassifier.app */ = {isa = PBXFileReference; explicitFileType = wrapper.application; includeInIndex = 0; path = ImageClassifier.app; sourceTree = BUILT_PRODUCTS_DIR; };
		C0F450A025AE4C3C0054B11A /* AppDelegate.swift */ = {isa = PBXFileReference; lastKnownFileType = sourcecode.swift; path = AppDelegate.swift; sourceTree = "<group>"; };
		C0F450A225AE4C3C0054B11A /* SceneDelegate.swift */ = {isa = PBXFileReference; lastKnownFileType = sourcecode.swift; path = SceneDelegate.swift; sourceTree = "<group>"; };
		C0F450A425AE4C3C0054B11A /* ViewController.swift */ = {isa = PBXFileReference; lastKnownFileType = sourcecode.swift; path = ViewController.swift; sourceTree = "<group>"; };
		C0F450A725AE4C3C0054B11A /* Base */ = {isa = PBXFileReference; lastKnownFileType = file.storyboard; name = Base; path = Base.lproj/Main.storyboard; sourceTree = "<group>"; };
		C0F450A925AE4C3D0054B11A /* Assets.xcassets */ = {isa = PBXFileReference; lastKnownFileType = folder.assetcatalog; path = Assets.xcassets; sourceTree = "<group>"; };
		C0F450AC25AE4C3D0054B11A /* Base */ = {isa = PBXFileReference; lastKnownFileType = file.storyboard; name = Base; path = Base.lproj/LaunchScreen.storyboard; sourceTree = "<group>"; };
		C0F450AE25AE4C3D0054B11A /* Info.plist */ = {isa = PBXFileReference; lastKnownFileType = text.plist.xml; path = Info.plist; sourceTree = "<group>"; };
/* End PBXFileReference section */

/* Begin PBXFrameworksBuildPhase section */
		C0F4509A25AE4C3C0054B11A /* Frameworks */ = {
			isa = PBXFrameworksBuildPhase;
			buildActionMask = 2147483647;
			files = (
			);
			runOnlyForDeploymentPostprocessing = 0;
		};
/* End PBXFrameworksBuildPhase section */

/* Begin PBXGroup section */
		C0F4509425AE4C3C0054B11A = {
			isa = PBXGroup;
			children = (
				C0F4509F25AE4C3C0054B11A /* ImageClassifier */,
				C0F4509E25AE4C3C0054B11A /* Products */,
			);
			sourceTree = "<group>";
		};
		C0F4509E25AE4C3C0054B11A /* Products */ = {
			isa = PBXGroup;
			children = (
				C0F4509D25AE4C3C0054B11A /* ImageClassifier.app */,
			);
			name = Products;
			sourceTree = "<group>";
		};
		C0F4509F25AE4C3C0054B11A /* ImageClassifier */ = {
			isa = PBXGroup;
			children = (
				C0F450A025AE4C3C0054B11A /* AppDelegate.swift */,
				C0F450A225AE4C3C0054B11A /* SceneDelegate.swift */,
				C0F450A425AE4C3C0054B11A /* ViewController.swift */,
				C0F450A625AE4C3C0054B11A /* Main.storyboard */,
				C0F450A925AE4C3D0054B11A /* Assets.xcassets */,
				C0F450AB25AE4C3D0054B11A /* LaunchScreen.storyboard */,
				C0F450AE25AE4C3D0054B11A /* Info.plist */,
				C00BF04A2992F6FD009F2F9D /* Style.mlmodel */,
			);
			path = ImageClassifier;
			sourceTree = "<group>";
		};
/* End PBXGroup section */

/* Begin PBXNativeTarget section */
		C0F4509C25AE4C3C0054B11A /* ImageClassifier */ = {
			isa = PBXNativeTarget;
			buildConfigurationList = C0F450B125AE4C3D0054B11A /* Build configuration list for PBXNativeTarget "ImageClassifier" */;
			buildPhases = (
				C0F4509925AE4C3C0054B11A /* Sources */,
				C0F4509A25AE4C3C0054B11A /* Frameworks */,
				C0F4509B25AE4C3C0054B11A /* Resources */,
			);
			buildRules = (
			);
			dependencies = (
			);
			name = ImageClassifier;
			productName = ImageClassifier;
			productReference = C0F4509D25AE4C3C0054B11A /* ImageClassifier.app */;
			productType = "com.apple.product-type.application";
		};
/* End PBXNativeTarget section */

/* Begin PBXProject section */
		C0F4509525AE4C3C0054B11A /* Project object */ = {
			isa = PBXProject;
			attributes = {
				LastSwiftUpdateCheck = 1230;
				LastUpgradeCheck = 1230;
				TargetAttributes = {
					C0F4509C25AE4C3C0054B11A = {
						CreatedOnToolsVersion = 12.3;
					};
				};
			};
			buildConfigurationList = C0F4509825AE4C3C0054B11A /* Build configuration list for PBXProject "ImageClassifier" */;
			compatibilityVersion = "Xcode 9.3";
			developmentRegion = en;
			hasScannedForEncodings = 0;
			knownRegions = (
				en,
				Base,
			);
			mainGroup = C0F4509425AE4C3C0054B11A;
			productRefGroup = C0F4509E25AE4C3C0054B11A /* Products */;
			projectDirPath = "";
			projectRoot = "";
			targets = (
				C0F4509C25AE4C3C0054B11A /* ImageClassifier */,
			);
		};
/* End PBXProject section */

/* Begin PBXResourcesBuildPhase section */
		C0F4509B25AE4C3C0054B11A /* Resources */ = {
			isa = PBXResourcesBuildPhase;
			buildActionMask = 2147483647;
			files = (
				C0F450AD25AE4C3D0054B11A /* LaunchScreen.storyboard in Resources */,
				C0F450AA25AE4C3D0054B11A /* Assets.xcassets in Resources */,
				C0F450A825AE4C3C0054B11A /* Main.storyboard in Resources */,
			);
			runOnlyForDeploymentPostprocessing = 0;
		};
/* End PBXResourcesBuildPhase section */

/* Begin PBXSourcesBuildPhase section */
		C0F4509925AE4C3C0054B11A /* Sources */ = {
			isa = PBXSourcesBuildPhase;
			buildActionMask = 2147483647;
			files = (
				C0F450A525AE4C3C0054B11A /* ViewController.swift in Sources */,
				C0F450A125AE4C3C0054B11A /* AppDelegate.swift in Sources */,
				C00BF04B2992F6FD009F2F9D /* Style.mlmodel in Sources */,
				C0F450A325AE4C3C0054B11A /* SceneDelegate.swift in Sources */,
			);
			runOnlyForDeploymentPostprocessing = 0;
		};
/* End PBXSourcesBuildPhase section */

/* Begin PBXVariantGroup section */
		C0F450A625AE4C3C0054B11A /* Main.storyboard */ = {
			isa = PBXVariantGroup;
			children = (
				C0F450A725AE4C3C0054B11A /* Base */,
			);
			name = Main.storyboard;
			sourceTree = "<group>";
		};
		C0F450AB25AE4C3D0054B11A /* LaunchScreen.storyboard */ = {
			isa = PBXVariantGroup;
			children = (
				C0F450AC25AE4C3D0054B11A /* Base */,
			);
			name = LaunchScreen.storyboard;
			sourceTree = "<group>";
		};
/* End PBXVariantGroup section */

/* Begin XCBuildConfiguration section */
		C0F450AF25AE4C3D0054B11A /* Debug */ = {
			isa = XCBuildConfiguration;
			buildSettings = {
				ALWAYS_SEARCH_USER_PATHS = NO;
				CLANG_ANALYZER_NONNULL = YES;
				CLANG_ANALYZER_NUMBER_OBJECT_CONVERSION = YES_AGGRESSIVE;
				CLANG_CXX_LANGUAGE_STANDARD = "gnu++14";
				CLANG_CXX_LIBRARY = "libc++";
				CLANG_ENABLE_MODULES = YES;
				CLANG_ENABLE_OBJC_ARC = YES;
				CLANG_ENABLE_OBJC_WEAK = YES;
				CLANG_WARN_BLOCK_CAPTURE_AUTORELEASING = YES;
				CLANG_WARN_BOOL_CONVERSION = YES;
				CLANG_WARN_COMMA = YES;
				CLANG_WARN_CONSTANT_CONVERSION = YES;
				CLANG_WARN_DEPRECATED_OBJC_IMPLEMENTATIONS = YES;
				CLANG_WARN_DIRECT_OBJC_ISA_USAGE = YES_ERROR;
				CLANG_WARN_DOCUMENTATION_COMMENTS = YES;
				CLANG_WARN_EMPTY_BODY = YES;
				CLANG_WARN_ENUM_CONVERSION = YES;
				CLANG_WARN_INFINITE_RECURSION = YES;
				CLANG_WARN_INT_CONVERSION = YES;
				CLANG_WARN_NON_LITERAL_NULL_CONVERSION = YES;
				CLANG_WARN_OBJC_IMPLICIT_RETAIN_SELF = YES;
				CLANG_WARN_OBJC_LITERAL_CONVERSION = YES;
				CLANG_WARN_OBJC_ROOT_CLASS = YES_ERROR;
				CLANG_WARN_QUOTED_INCLUDE_IN_FRAMEWORK_HEADER = YES;
				CLANG_WARN_RANGE_LOOP_ANALYSIS = YES;
				CLANG_WARN_STRICT_PROTOTYPES = YES;
				CLANG_WARN_SUSPICIOUS_MOVE = YES;
				CLANG_WARN_UNGUARDED_AVAILABILITY = YES_AGGRESSIVE;
				CLANG_WARN_UNREACHABLE_CODE = YES;
				CLANG_WARN__DUPLICATE_METHOD_MATCH = YES;
				COPY_PHASE_STRIP = NO;
				DEBUG_INFORMATION_FORMAT = dwarf;
				ENABLE_STRICT_OBJC_MSGSEND = YES;
				ENABLE_TESTABILITY = YES;
				GCC_C_LANGUAGE_STANDARD = gnu11;
				GCC_DYNAMIC_NO_PIC = NO;
				GCC_NO_COMMON_BLOCKS = YES;
				GCC_OPTIMIZATION_LEVEL = 0;
				GCC_PREPROCESSOR_DEFINITIONS = (
					"DEBUG=1",
					"$(inherited)",
				);
				GCC_WARN_64_TO_32_BIT_CONVERSION = YES;
				GCC_WARN_ABOUT_RETURN_TYPE = YES_ERROR;
				GCC_WARN_UNDECLARED_SELECTOR = YES;
				GCC_WARN_UNINITIALIZED_AUTOS = YES_AGGRESSIVE;
				GCC_WARN_UNUSED_FUNCTION = YES;
				GCC_WARN_UNUSED_VARIABLE = YES;
				IPHONEOS_DEPLOYMENT_TARGET = 14.3;
				MTL_ENABLE_DEBUG_INFO = INCLUDE_SOURCE;
				MTL_FAST_MATH = YES;
				ONLY_ACTIVE_ARCH = YES;
				SDKROOT = iphoneos;
				SWIFT_ACTIVE_COMPILATION_CONDITIONS = DEBUG;
				SWIFT_OPTIMIZATION_LEVEL = "-Onone";
			};
			name = Debug;
		};
		C0F450B025AE4C3D0054B11A /* Release */ = {
			isa = XCBuildConfiguration;
			buildSettings = {
				ALWAYS_SEARCH_USER_PATHS = NO;
				CLANG_ANALYZER_NONNULL = YES;
				CLANG_ANALYZER_NUMBER_OBJECT_CONVERSION = YES_AGGRESSIVE;
				CLANG_CXX_LANGUAGE_STANDARD = "gnu++14";
				CLANG_CXX_LIBRARY = "libc++";
				CLANG_ENABLE_MODULES = YES;
				CLANG_ENABLE_OBJC_ARC = YES;
				CLANG_ENABLE_OBJC_WEAK = YES;
				CLANG_WARN_BLOCK_CAPTURE_AUTORELEASING = YES;
				CLANG_WARN_BOOL_CONVERSION = YES;
				CLANG_WARN_COMMA = YES;
				CLANG_WARN_CONSTANT_CONVERSION = YES;
				CLANG_WARN_DEPRECATED_OBJC_IMPLEMENTATIONS = YES;
				CLANG_WARN_DIRECT_OBJC_ISA_USAGE = YES_ERROR;
				CLANG_WARN_DOCUMENTATION_COMMENTS = YES;
				CLANG_WARN_EMPTY_BODY = YES;
				CLANG_WARN_ENUM_CONVERSION = YES;
				CLANG_WARN_INFINITE_RECURSION = YES;
				CLANG_WARN_INT_CONVERSION = YES;
				CLANG_WARN_NON_LITERAL_NULL_CONVERSION = YES;
				CLANG_WARN_OBJC_IMPLICIT_RETAIN_SELF = YES;
				CLANG_WARN_OBJC_LITERAL_CONVERSION = YES;
				CLANG_WARN_OBJC_ROOT_CLASS = YES_ERROR;
				CLANG_WARN_QUOTED_INCLUDE_IN_FRAMEWORK_HEADER = YES;
				CLANG_WARN_RANGE_LOOP_ANALYSIS = YES;
				CLANG_WARN_STRICT_PROTOTYPES = YES;
				CLANG_WARN_SUSPICIOUS_MOVE = YES;
				CLANG_WARN_UNGUARDED_AVAILABILITY = YES_AGGRESSIVE;
				CLANG_WARN_UNREACHABLE_CODE = YES;
				CLANG_WARN__DUPLICATE_METHOD_MATCH = YES;
				COPY_PHASE_STRIP = NO;
				DEBUG_INFORMATION_FORMAT = "dwarf-with-dsym";
				ENABLE_NS_ASSERTIONS = NO;
				ENABLE_STRICT_OBJC_MSGSEND = YES;
				GCC_C_LANGUAGE_STANDARD = gnu11;
				GCC_NO_COMMON_BLOCKS = YES;
				GCC_WARN_64_TO_32_BIT_CONVERSION = YES;
				GCC_WARN_ABOUT_RETURN_TYPE = YES_ERROR;
				GCC_WARN_UNDECLARED_SELECTOR = YES;
				GCC_WARN_UNINITIALIZED_AUTOS = YES_AGGRESSIVE;
				GCC_WARN_UNUSED_FUNCTION = YES;
				GCC_WARN_UNUSED_VARIABLE = YES;
				IPHONEOS_DEPLOYMENT_TARGET = 14.3;
				MTL_ENABLE_DEBUG_INFO = NO;
				MTL_FAST_MATH = YES;
				SDKROOT = iphoneos;
				SWIFT_COMPILATION_MODE = wholemodule;
				SWIFT_OPTIMIZATION_LEVEL = "-O";
				VALIDATE_PRODUCT = YES;
			};
			name = Release;
		};
		C0F450B225AE4C3D0054B11A /* Debug */ = {
			isa = XCBuildConfiguration;
			buildSettings = {
				ASSETCATALOG_COMPILER_APPICON_NAME = AppIcon;
				ASSETCATALOG_COMPILER_GLOBAL_ACCENT_COLOR_NAME = AccentColor;
				CODE_SIGN_STYLE = Automatic;
				DEVELOPMENT_TEAM = 9BK337URC6;
				INFOPLIST_FILE = ImageClassifier/Info.plist;
				LD_RUNPATH_SEARCH_PATHS = (
					"$(inherited)",
					"@executable_path/Frameworks",
				);
				PRODUCT_BUNDLE_IDENTIFIER = com.5s5.ImageClassifier;
				PRODUCT_NAME = "$(TARGET_NAME)";
				SWIFT_VERSION = 5.0;
				TARGETED_DEVICE_FAMILY = "1,2";
			};
			name = Debug;
		};
		C0F450B325AE4C3D0054B11A /* Release */ = {
			isa = XCBuildConfiguration;
			buildSettings = {
				ASSETCATALOG_COMPILER_APPICON_NAME = AppIcon;
				ASSETCATALOG_COMPILER_GLOBAL_ACCENT_COLOR_NAME = AccentColor;
				CODE_SIGN_STYLE = Automatic;
				DEVELOPMENT_TEAM = 9BK337URC6;
				INFOPLIST_FILE = ImageClassifier/Info.plist;
				LD_RUNPATH_SEARCH_PATHS = (
					"$(inherited)",
					"@executable_path/Frameworks",
				);
				PRODUCT_BUNDLE_IDENTIFIER = com.5s5.ImageClassifier;
				PRODUCT_NAME = "$(TARGET_NAME)";
				SWIFT_VERSION = 5.0;
				TARGETED_DEVICE_FAMILY = "1,2";
			};
			name = Release;
		};
/* End XCBuildConfiguration section */

/* Begin XCConfigurationList section */
		C0F4509825AE4C3C0054B11A /* Build configuration list for PBXProject "ImageClassifier" */ = {
			isa = XCConfigurationList;
			buildConfigurations = (
				C0F450AF25AE4C3D0054B11A /* Debug */,
				C0F450B025AE4C3D0054B11A /* Release */,
			);
			defaultConfigurationIsVisible = 0;
			defaultConfigurationName = Release;
		};
		C0F450B125AE4C3D0054B11A /* Build configuration list for PBXNativeTarget "ImageClassifier" */ = {
			isa = XCConfigurationList;
			buildConfigurations = (
				C0F450B225AE4C3D0054B11A /* Debug */,
				C0F450B325AE4C3D0054B11A /* Release */,
			);
			defaultConfigurationIsVisible = 0;
			defaultConfigurationName = Release;
		};
/* End XCConfigurationList section */
	};
	rootObject = C0F4509525AE4C3C0054B11A /* Project object */;
}
