// !$*UTF8*$!
{
	archiveVersion = 1;
	classes = {
	};
	objectVersion = 56;
	objects = {

/* Begin PBXBuildFile section */
		C070053129944FE4005187AA /* AppDelegate.swift in Sources */ = {isa = PBXBuildFile; fileRef = C070053029944FE4005187AA /* AppDelegate.swift */; };
		C070053329944FE4005187AA /* SceneDelegate.swift in Sources */ = {isa = PBXBuildFile; fileRef = C070053229944FE4005187AA /* SceneDelegate.swift */; };
		C070053529944FE5005187AA /* ViewController.swift in Sources */ = {isa = PBXBuildFile; fileRef = C070053429944FE5005187AA /* ViewController.swift */; };
		C070053829944FE5005187AA /* Main.storyboard in Resources */ = {isa = PBXBuildFile; fileRef = C070053629944FE5005187AA /* Main.storyboard */; };
		C070053A29944FE6005187AA /* Assets.xcassets in Resources */ = {isa = PBXBuildFile; fileRef = C070053929944FE6005187AA /* Assets.xcassets */; };
		C070053D29944FE6005187AA /* LaunchScreen.storyboard in Resources */ = {isa = PBXBuildFile; fileRef = C070053B29944FE6005187AA /* LaunchScreen.storyboard */; };
		C070054529945014005187AA /* Animals.swift in Sources */ = {isa = PBXBuildFile; fileRef = C070054429945014005187AA /* Animals.swift */; };
		C0BF1EBA299D51A1000743FD /* SoundClassifierModel.mlmodel in Sources */ = {isa = PBXBuildFile; fileRef = C0BF1EB9299D51A1000743FD /* SoundClassifierModel.mlmodel */; };
		C0BF1EBC299D59FD000743FD /* Audio.swift in Sources */ = {isa = PBXBuildFile; fileRef = C0BF1EBB299D59FD000743FD /* Audio.swift */; };
/* End PBXBuildFile section */

/* Begin PBXFileReference section */
		C070052D29944FE4005187AA /* SoundClassificator.app */ = {isa = PBXFileReference; explicitFileType = wrapper.application; includeInIndex = 0; path = SoundClassificator.app; sourceTree = BUILT_PRODUCTS_DIR; };
		C070053029944FE4005187AA /* AppDelegate.swift */ = {isa = PBXFileReference; lastKnownFileType = sourcecode.swift; path = AppDelegate.swift; sourceTree = "<group>"; };
		C070053229944FE4005187AA /* SceneDelegate.swift */ = {isa = PBXFileReference; lastKnownFileType = sourcecode.swift; path = SceneDelegate.swift; sourceTree = "<group>"; };
		C070053429944FE5005187AA /* ViewController.swift */ = {isa = PBXFileReference; lastKnownFileType = sourcecode.swift; path = ViewController.swift; sourceTree = "<group>"; };
		C070053729944FE5005187AA /* Base */ = {isa = PBXFileReference; lastKnownFileType = file.storyboard; name = Base; path = Base.lproj/Main.storyboard; sourceTree = "<group>"; };
		C070053929944FE6005187AA /* Assets.xcassets */ = {isa = PBXFileReference; lastKnownFileType = folder.assetcatalog; path = Assets.xcassets; sourceTree = "<group>"; };
		C070053C29944FE6005187AA /* Base */ = {isa = PBXFileReference; lastKnownFileType = file.storyboard; name = Base; path = Base.lproj/LaunchScreen.storyboard; sourceTree = "<group>"; };
		C070053E29944FE6005187AA /* Info.plist */ = {isa = PBXFileReference; lastKnownFileType = text.plist.xml; path = Info.plist; sourceTree = "<group>"; };
		C070054429945014005187AA /* Animals.swift */ = {isa = PBXFileReference; lastKnownFileType = sourcecode.swift; path = Animals.swift; sourceTree = "<group>"; };
		C0BF1EB9299D51A1000743FD /* SoundClassifierModel.mlmodel */ = {isa = PBXFileReference; lastKnownFileType = file.mlmodel; path = SoundClassifierModel.mlmodel; sourceTree = "<group>"; };
		C0BF1EBB299D59FD000743FD /* Audio.swift */ = {isa = PBXFileReference; lastKnownFileType = sourcecode.swift; path = Audio.swift; sourceTree = "<group>"; };
/* End PBXFileReference section */

/* Begin PBXFrameworksBuildPhase section */
		C070052A29944FE4005187AA /* Frameworks */ = {
			isa = PBXFrameworksBuildPhase;
			buildActionMask = 2147483647;
			files = (
			);
			runOnlyForDeploymentPostprocessing = 0;
		};
/* End PBXFrameworksBuildPhase section */

/* Begin PBXGroup section */
		C070052429944FE4005187AA = {
			isa = PBXGroup;
			children = (
				C070052F29944FE4005187AA /* SoundClassificator */,
				C070052E29944FE4005187AA /* Products */,
			);
			sourceTree = "<group>";
		};
		C070052E29944FE4005187AA /* Products */ = {
			isa = PBXGroup;
			children = (
				C070052D29944FE4005187AA /* SoundClassificator.app */,
			);
			name = Products;
			sourceTree = "<group>";
		};
		C070052F29944FE4005187AA /* SoundClassificator */ = {
			isa = PBXGroup;
			children = (
				C070053029944FE4005187AA /* AppDelegate.swift */,
				C070053229944FE4005187AA /* SceneDelegate.swift */,
				C070053429944FE5005187AA /* ViewController.swift */,
				C070053629944FE5005187AA /* Main.storyboard */,
				C070053929944FE6005187AA /* Assets.xcassets */,
				C070053B29944FE6005187AA /* LaunchScreen.storyboard */,
				C070053E29944FE6005187AA /* Info.plist */,
				C070054429945014005187AA /* Animals.swift */,
				C0BF1EB9299D51A1000743FD /* SoundClassifierModel.mlmodel */,
				C0BF1EBB299D59FD000743FD /* Audio.swift */,
			);
			path = SoundClassificator;
			sourceTree = "<group>";
		};
/* End PBXGroup section */

/* Begin PBXNativeTarget section */
		C070052C29944FE4005187AA /* SoundClassificator */ = {
			isa = PBXNativeTarget;
			buildConfigurationList = C070054129944FE6005187AA /* Build configuration list for PBXNativeTarget "SoundClassificator" */;
			buildPhases = (
				C070052929944FE4005187AA /* Sources */,
				C070052A29944FE4005187AA /* Frameworks */,
				C070052B29944FE4005187AA /* Resources */,
			);
			buildRules = (
			);
			dependencies = (
			);
			name = SoundClassificator;
			productName = SoundClassificator;
			productReference = C070052D29944FE4005187AA /* SoundClassificator.app */;
			productType = "com.apple.product-type.application";
		};
/* End PBXNativeTarget section */

/* Begin PBXProject section */
		C070052529944FE4005187AA /* Project object */ = {
			isa = PBXProject;
			attributes = {
				BuildIndependentTargetsInParallel = 1;
				LastSwiftUpdateCheck = 1420;
				LastUpgradeCheck = 1420;
				TargetAttributes = {
					C070052C29944FE4005187AA = {
						CreatedOnToolsVersion = 14.2;
					};
				};
			};
			buildConfigurationList = C070052829944FE4005187AA /* Build configuration list for PBXProject "SoundClassificator" */;
			compatibilityVersion = "Xcode 14.0";
			developmentRegion = en;
			hasScannedForEncodings = 0;
			knownRegions = (
				en,
				Base,
			);
			mainGroup = C070052429944FE4005187AA;
			productRefGroup = C070052E29944FE4005187AA /* Products */;
			projectDirPath = "";
			projectRoot = "";
			targets = (
				C070052C29944FE4005187AA /* SoundClassificator */,
			);
		};
/* End PBXProject section */

/* Begin PBXResourcesBuildPhase section */
		C070052B29944FE4005187AA /* Resources */ = {
			isa = PBXResourcesBuildPhase;
			buildActionMask = 2147483647;
			files = (
				C070053D29944FE6005187AA /* LaunchScreen.storyboard in Resources */,
				C070053A29944FE6005187AA /* Assets.xcassets in Resources */,
				C070053829944FE5005187AA /* Main.storyboard in Resources */,
			);
			runOnlyForDeploymentPostprocessing = 0;
		};
/* End PBXResourcesBuildPhase section */

/* Begin PBXSourcesBuildPhase section */
		C070052929944FE4005187AA /* Sources */ = {
			isa = PBXSourcesBuildPhase;
			buildActionMask = 2147483647;
			files = (
				C070053529944FE5005187AA /* ViewController.swift in Sources */,
				C0BF1EBC299D59FD000743FD /* Audio.swift in Sources */,
				C0BF1EBA299D51A1000743FD /* SoundClassifierModel.mlmodel in Sources */,
				C070054529945014005187AA /* Animals.swift in Sources */,
				C070053129944FE4005187AA /* AppDelegate.swift in Sources */,
				C070053329944FE4005187AA /* SceneDelegate.swift in Sources */,
			);
			runOnlyForDeploymentPostprocessing = 0;
		};
/* End PBXSourcesBuildPhase section */

/* Begin PBXVariantGroup section */
		C070053629944FE5005187AA /* Main.storyboard */ = {
			isa = PBXVariantGroup;
			children = (
				C070053729944FE5005187AA /* Base */,
			);
			name = Main.storyboard;
			sourceTree = "<group>";
		};
		C070053B29944FE6005187AA /* LaunchScreen.storyboard */ = {
			isa = PBXVariantGroup;
			children = (
				C070053C29944FE6005187AA /* Base */,
			);
			name = LaunchScreen.storyboard;
			sourceTree = "<group>";
		};
/* End PBXVariantGroup section */

/* Begin XCBuildConfiguration section */
		C070053F29944FE6005187AA /* Debug */ = {
			isa = XCBuildConfiguration;
			buildSettings = {
				ALWAYS_SEARCH_USER_PATHS = NO;
				CLANG_ANALYZER_NONNULL = YES;
				CLANG_ANALYZER_NUMBER_OBJECT_CONVERSION = YES_AGGRESSIVE;
				CLANG_CXX_LANGUAGE_STANDARD = "gnu++20";
				CLANG_ENABLE_MODULES = YES;
				CLANG_ENABLE_OBJC_ARC = YES;
				CLANG_ENABLE_OBJC_WEAK = YES;
				CLANG_WARN_BLOCK_CAPTURE_AUTORELEASING = YES;
				CLANG_WARN_BOOL_CONVERSION = YES;
				CLANG_WARN_COMMA = YES;
				CLANG_WARN_CONSTANT_CONVERSION = YES;
				CLANG_WARN_DEPRECATED_OBJC_IMPLEMENTATIONS = YES;
				CLANG_WARN_DIRECT_OBJC_ISA_USAGE = YES_ERROR;
				CLANG_WARN_DOCUMENTATION_COMMENTS = YES;
				CLANG_WARN_EMPTY_BODY = YES;
				CLANG_WARN_ENUM_CONVERSION = YES;
				CLANG_WARN_INFINITE_RECURSION = YES;
				CLANG_WARN_INT_CONVERSION = YES;
				CLANG_WARN_NON_LITERAL_NULL_CONVERSION = YES;
				CLANG_WARN_OBJC_IMPLICIT_RETAIN_SELF = YES;
				CLANG_WARN_OBJC_LITERAL_CONVERSION = YES;
				CLANG_WARN_OBJC_ROOT_CLASS = YES_ERROR;
				CLANG_WARN_QUOTED_INCLUDE_IN_FRAMEWORK_HEADER = YES;
				CLANG_WARN_RANGE_LOOP_ANALYSIS = YES;
				CLANG_WARN_STRICT_PROTOTYPES = YES;
				CLANG_WARN_SUSPICIOUS_MOVE = YES;
				CLANG_WARN_UNGUARDED_AVAILABILITY = YES_AGGRESSIVE;
				CLANG_WARN_UNREACHABLE_CODE = YES;
				CLANG_WARN__DUPLICATE_METHOD_MATCH = YES;
				COPY_PHASE_STRIP = NO;
				DEBUG_INFORMATION_FORMAT = dwarf;
				ENABLE_STRICT_OBJC_MSGSEND = YES;
				ENABLE_TESTABILITY = YES;
				GCC_C_LANGUAGE_STANDARD = gnu11;
				GCC_DYNAMIC_NO_PIC = NO;
				GCC_NO_COMMON_BLOCKS = YES;
				GCC_OPTIMIZATION_LEVEL = 0;
				GCC_PREPROCESSOR_DEFINITIONS = (
					"DEBUG=1",
					"$(inherited)",
				);
				GCC_WARN_64_TO_32_BIT_CONVERSION = YES;
				GCC_WARN_ABOUT_RETURN_TYPE = YES_ERROR;
				GCC_WARN_UNDECLARED_SELECTOR = YES;
				GCC_WARN_UNINITIALIZED_AUTOS = YES_AGGRESSIVE;
				GCC_WARN_UNUSED_FUNCTION = YES;
				GCC_WARN_UNUSED_VARIABLE = YES;
				IPHONEOS_DEPLOYMENT_TARGET = 16.2;
				MTL_ENABLE_DEBUG_INFO = INCLUDE_SOURCE;
				MTL_FAST_MATH = YES;
				ONLY_ACTIVE_ARCH = YES;
				SDKROOT = iphoneos;
				SWIFT_ACTIVE_COMPILATION_CONDITIONS = DEBUG;
				SWIFT_OPTIMIZATION_LEVEL = "-Onone";
			};
			name = Debug;
		};
		C070054029944FE6005187AA /* Release */ = {
			isa = XCBuildConfiguration;
			buildSettings = {
				ALWAYS_SEARCH_USER_PATHS = NO;
				CLANG_ANALYZER_NONNULL = YES;
				CLANG_ANALYZER_NUMBER_OBJECT_CONVERSION = YES_AGGRESSIVE;
				CLANG_CXX_LANGUAGE_STANDARD = "gnu++20";
				CLANG_ENABLE_MODULES = YES;
				CLANG_ENABLE_OBJC_ARC = YES;
				CLANG_ENABLE_OBJC_WEAK = YES;
				CLANG_WARN_BLOCK_CAPTURE_AUTORELEASING = YES;
				CLANG_WARN_BOOL_CONVERSION = YES;
				CLANG_WARN_COMMA = YES;
				CLANG_WARN_CONSTANT_CONVERSION = YES;
				CLANG_WARN_DEPRECATED_OBJC_IMPLEMENTATIONS = YES;
				CLANG_WARN_DIRECT_OBJC_ISA_USAGE = YES_ERROR;
				CLANG_WARN_DOCUMENTATION_COMMENTS = YES;
				CLANG_WARN_EMPTY_BODY = YES;
				CLANG_WARN_ENUM_CONVERSION = YES;
				CLANG_WARN_INFINITE_RECURSION = YES;
				CLANG_WARN_INT_CONVERSION = YES;
				CLANG_WARN_NON_LITERAL_NULL_CONVERSION = YES;
				CLANG_WARN_OBJC_IMPLICIT_RETAIN_SELF = YES;
				CLANG_WARN_OBJC_LITERAL_CONVERSION = YES;
				CLANG_WARN_OBJC_ROOT_CLASS = YES_ERROR;
				CLANG_WARN_QUOTED_INCLUDE_IN_FRAMEWORK_HEADER = YES;
				CLANG_WARN_RANGE_LOOP_ANALYSIS = YES;
				CLANG_WARN_STRICT_PROTOTYPES = YES;
				CLANG_WARN_SUSPICIOUS_MOVE = YES;
				CLANG_WARN_UNGUARDED_AVAILABILITY = YES_AGGRESSIVE;
				CLANG_WARN_UNREACHABLE_CODE = YES;
				CLANG_WARN__DUPLICATE_METHOD_MATCH = YES;
				COPY_PHASE_STRIP = NO;
				DEBUG_INFORMATION_FORMAT = "dwarf-with-dsym";
				ENABLE_NS_ASSERTIONS = NO;
				ENABLE_STRICT_OBJC_MSGSEND = YES;
				GCC_C_LANGUAGE_STANDARD = gnu11;
				GCC_NO_COMMON_BLOCKS = YES;
				GCC_WARN_64_TO_32_BIT_CONVERSION = YES;
				GCC_WARN_ABOUT_RETURN_TYPE = YES_ERROR;
				GCC_WARN_UNDECLARED_SELECTOR = YES;
				GCC_WARN_UNINITIALIZED_AUTOS = YES_AGGRESSIVE;
				GCC_WARN_UNUSED_FUNCTION = YES;
				GCC_WARN_UNUSED_VARIABLE = YES;
				IPHONEOS_DEPLOYMENT_TARGET = 16.2;
				MTL_ENABLE_DEBUG_INFO = NO;
				MTL_FAST_MATH = YES;
				SDKROOT = iphoneos;
				SWIFT_COMPILATION_MODE = wholemodule;
				SWIFT_OPTIMIZATION_LEVEL = "-O";
				VALIDATE_PRODUCT = YES;
			};
			name = Release;
		};
		C070054229944FE6005187AA /* Debug */ = {
			isa = XCBuildConfiguration;
			buildSettings = {
				ASSETCATALOG_COMPILER_APPICON_NAME = AppIcon;
				ASSETCATALOG_COMPILER_GLOBAL_ACCENT_COLOR_NAME = AccentColor;
				CODE_SIGN_STYLE = Automatic;
				CURRENT_PROJECT_VERSION = 1;
				DEVELOPMENT_TEAM = 9BK337URC6;
				GENERATE_INFOPLIST_FILE = YES;
				INFOPLIST_FILE = SoundClassificator/Info.plist;
				INFOPLIST_KEY_UIApplicationSupportsIndirectInputEvents = YES;
				INFOPLIST_KEY_UILaunchStoryboardName = LaunchScreen;
				INFOPLIST_KEY_UIMainStoryboardFile = Main;
				INFOPLIST_KEY_UISupportedInterfaceOrientations_iPad = "UIInterfaceOrientationPortrait UIInterfaceOrientationPortraitUpsideDown UIInterfaceOrientationLandscapeLeft UIInterfaceOrientationLandscapeRight";
				INFOPLIST_KEY_UISupportedInterfaceOrientations_iPhone = "UIInterfaceOrientationPortrait UIInterfaceOrientationLandscapeLeft UIInterfaceOrientationLandscapeRight";
				IPHONEOS_DEPLOYMENT_TARGET = 15.0;
				LD_RUNPATH_SEARCH_PATHS = (
					"$(inherited)",
					"@executable_path/Frameworks",
				);
				MARKETING_VERSION = 1.0;
				PRODUCT_BUNDLE_IDENTIFIER = com.5s5.SoundClassificator;
				PRODUCT_NAME = "$(TARGET_NAME)";
				SWIFT_EMIT_LOC_STRINGS = YES;
				SWIFT_VERSION = 5.0;
				TARGETED_DEVICE_FAMILY = "1,2";
			};
			name = Debug;
		};
		C070054329944FE6005187AA /* Release */ = {
			isa = XCBuildConfiguration;
			buildSettings = {
				ASSETCATALOG_COMPILER_APPICON_NAME = AppIcon;
				ASSETCATALOG_COMPILER_GLOBAL_ACCENT_COLOR_NAME = AccentColor;
				CODE_SIGN_STYLE = Automatic;
				CURRENT_PROJECT_VERSION = 1;
				DEVELOPMENT_TEAM = 9BK337URC6;
				GENERATE_INFOPLIST_FILE = YES;
				INFOPLIST_FILE = SoundClassificator/Info.plist;
				INFOPLIST_KEY_UIApplicationSupportsIndirectInputEvents = YES;
				INFOPLIST_KEY_UILaunchStoryboardName = LaunchScreen;
				INFOPLIST_KEY_UIMainStoryboardFile = Main;
				INFOPLIST_KEY_UISupportedInterfaceOrientations_iPad = "UIInterfaceOrientationPortrait UIInterfaceOrientationPortraitUpsideDown UIInterfaceOrientationLandscapeLeft UIInterfaceOrientationLandscapeRight";
				INFOPLIST_KEY_UISupportedInterfaceOrientations_iPhone = "UIInterfaceOrientationPortrait UIInterfaceOrientationLandscapeLeft UIInterfaceOrientationLandscapeRight";
				IPHONEOS_DEPLOYMENT_TARGET = 15.0;
				LD_RUNPATH_SEARCH_PATHS = (
					"$(inherited)",
					"@executable_path/Frameworks",
				);
				MARKETING_VERSION = 1.0;
				PRODUCT_BUNDLE_IDENTIFIER = com.5s5.SoundClassificator;
				PRODUCT_NAME = "$(TARGET_NAME)";
				SWIFT_EMIT_LOC_STRINGS = YES;
				SWIFT_VERSION = 5.0;
				TARGETED_DEVICE_FAMILY = "1,2";
			};
			name = Release;
		};
/* End XCBuildConfiguration section */

/* Begin XCConfigurationList section */
		C070052829944FE4005187AA /* Build configuration list for PBXProject "SoundClassificator" */ = {
			isa = XCConfigurationList;
			buildConfigurations = (
				C070053F29944FE6005187AA /* Debug */,
				C070054029944FE6005187AA /* Release */,
			);
			defaultConfigurationIsVisible = 0;
			defaultConfigurationName = Release;
		};
		C070054129944FE6005187AA /* Build configuration list for PBXNativeTarget "SoundClassificator" */ = {
			isa = XCConfigurationList;
			buildConfigurations = (
				C070054229944FE6005187AA /* Debug */,
				C070054329944FE6005187AA /* Release */,
			);
			defaultConfigurationIsVisible = 0;
			defaultConfigurationName = Release;
		};
/* End XCConfigurationList section */
	};
	rootObject = C070052529944FE4005187AA /* Project object */;
}
